
Microsoft Visual Studio Solution File, Format Version 12.00
# Visual Studio Version 16
VisualStudioVersion = 16.0.31229.75
MinimumVisualStudioVersion = 10.0.40219.1
Project("{FAE04EC0-301F-11D3-BF4B-00C04F79EFBC}") = "Battleships", "Battleships\Battleships.csproj", "{DAF705F5-D70E-40FC-A5AB-B687CA29F6A0}"
EndProject
Project("{FAE04EC0-301F-11D3-BF4B-00C04F79EFBC}") = "Battleships.Tests", "Battleships.Tests\Battleships.Tests.csproj", "{FCC33D58-FBEC-4717-AD8E-C98EF3C3ACDF}"
EndProject
Global
	GlobalSection(SolutionConfigurationPlatforms) = preSolution
		Debug|Any CPU = Debug|Any CPU
		Release|Any CPU = Release|Any CPU
	EndGlobalSection
	GlobalSection(ProjectConfigurationPlatforms) = postSolution
		{DAF705F5-D70E-40FC-A5AB-B687CA29F6A0}.Debug|Any CPU.ActiveCfg = Debug|Any CPU
		{DAF705F5-D70E-40FC-A5AB-B687CA29F6A0}.Debug|Any CPU.Build.0 = Debug|Any CPU
		{DAF705F5-D70E-40FC-A5AB-B687CA29F6A0}.Release|Any CPU.ActiveCfg = Release|Any CPU
		{DAF705F5-D70E-40FC-A5AB-B687CA29F6A0}.Release|Any CPU.Build.0 = Release|Any CPU
		{FCC33D58-FBEC-4717-AD8E-C98EF3C3ACDF}.Debug|Any CPU.ActiveCfg = Debug|Any CPU
		{FCC33D58-FBEC-4717-AD8E-C98EF3C3ACDF}.Debug|Any CPU.Build.0 = Debug|Any CPU
		{FCC33D58-FBEC-4717-AD8E-C98EF3C3ACDF}.Release|Any CPU.ActiveCfg = Release|Any CPU
		{FCC33D58-FBEC-4717-AD8E-C98EF3C3ACDF}.Release|Any CPU.Build.0 = Release|Any CPU
	EndGlobalSection
	GlobalSection(SolutionProperties) = preSolution
		HideSolutionNode = FALSE
	EndGlobalSection
	GlobalSection(ExtensibilityGlobals) = postSolution
		SolutionGuid = {294B191A-385A-4F86-A552-7080CA8EFBE7}
	EndGlobalSection
EndGlobal
